
Microsoft Visual Studio Solution File, Format Version 12.00
# Visual Studio Version 16
VisualStudioVersion = 16.0.28803.156
MinimumVisualStudioVersion = 10.0.40219.1
Project("{FAE04EC0-301F-11D3-BF4B-00C04F79EFBC}") = "CarSystem.App", "CarSystem.App\CarSystem.App.csproj", "{44FF1A33-38C2-479D-B7BB-30B3F8845EAE}"
EndProject
Project("{FAE04EC0-301F-11D3-BF4B-00C04F79EFBC}") = "CarSystem.Data", "CarSystem.Data\CarSystem.Data.csproj", "{BFB7FBA8-EF7F-4497-B03C-C47EA4EAA798}"
EndProject
Project("{FAE04EC0-301F-11D3-BF4B-00C04F79EFBC}") = "CarSystem.Data.Models", "CarSystem.Data.Models\CarSystem.Data.Models.csproj", "{A282BAE9-34C6-48B1-A2C6-E1EFE49A3B46}"
EndProject
Project("{FAE04EC0-301F-11D3-BF4B-00C04F79EFBC}") = "CarSystem.Services", "CarSystem.Services\CarSystem.Services.csproj", "{0E4A4C00-84D5-47F9-AFD9-5E130C91092B}"
EndProject
Project("{FAE04EC0-301F-11D3-BF4B-00C04F79EFBC}") = "CarSystem.ViewModels", "CarSystem.ViewModels\CarSystem.ViewModels.csproj", "{C5D8E91F-A234-4B56-C789-0ABCDEF01234}"
EndProject
Global
	GlobalSection(SolutionConfigurationPlatforms) = preSolution
		Debug|Any CPU = Debug|Any CPU
		Release|Any CPU = Release|Any CPU
	EndGlobalSection
	GlobalSection(ProjectConfigurationPlatforms) = postSolution
		{44FF1A33-38C2-479D-B7BB-30B3F8845EAE}.Debug|Any CPU.ActiveCfg = Debug|Any CPU
		{44FF1A33-38C2-479D-B7BB-30B3F8845EAE}.Debug|Any CPU.Build.0 = Debug|Any CPU
		{44FF1A33-38C2-479D-B7BB-30B3F8845EAE}.Release|Any CPU.ActiveCfg = Release|Any CPU
		{44FF1A33-38C2-479D-B7BB-30B3F8845EAE}.Release|Any CPU.Build.0 = Release|Any CPU
		{BFB7FBA8-EF7F-4497-B03C-C47EA4EAA798}.Debug|Any CPU.ActiveCfg = Debug|Any CPU
		{BFB7FBA8-EF7F-4497-B03C-C47EA4EAA798}.Debug|Any CPU.Build.0 = Debug|Any CPU
		{BFB7FBA8-EF7F-4497-B03C-C47EA4EAA798}.Release|Any CPU.ActiveCfg = Release|Any CPU
		{BFB7FBA8-EF7F-4497-B03C-C47EA4EAA798}.Release|Any CPU.Build.0 = Release|Any CPU
		{A282BAE9-34C6-48B1-A2C6-E1EFE49A3B46}.Debug|Any CPU.ActiveCfg = Debug|Any CPU
		{A282BAE9-34C6-48B1-A2C6-E1EFE49A3B46}.Debug|Any CPU.Build.0 = Debug|Any CPU
		{A282BAE9-34C6-48B1-A2C6-E1EFE49A3B46}.Release|Any CPU.ActiveCfg = Release|Any CPU
		{A282BAE9-34C6-48B1-A2C6-E1EFE49A3B46}.Release|Any CPU.Build.0 = Release|Any CPU
		{0E4A4C00-84D5-47F9-AFD9-5E130C91092B}.Debug|Any CPU.ActiveCfg = Debug|Any CPU
		{0E4A4C00-84D5-47F9-AFD9-5E130C91092B}.Debug|Any CPU.Build.0 = Debug|Any CPU
		{0E4A4C00-84D5-47F9-AFD9-5E130C91092B}.Release|Any CPU.ActiveCfg = Release|Any CPU
		{0E4A4C00-84D5-47F9-AFD9-5E130C91092B}.Release|Any CPU.Build.0 = Release|Any CPU
		{C5D8E91F-A234-4B56-C789-0ABCDEF01234}.Debug|Any CPU.ActiveCfg = Debug|Any CPU
		{C5D8E91F-A234-4B56-C789-0ABCDEF01234}.Debug|Any CPU.Build.0 = Debug|Any CPU
		{C5D8E91F-A234-4B56-C789-0ABCDEF01234}.Release|Any CPU.ActiveCfg = Release|Any CPU
		{C5D8E91F-A234-4B56-C789-0ABCDEF01234}.Release|Any CPU.Build.0 = Release|Any CPU
	EndGlobalSection
	GlobalSection(SolutionProperties) = preSolution
		HideSolutionNode = FALSE
	EndGlobalSection
	GlobalSection(ExtensibilityGlobals) = postSolution
		SolutionGuid = {2D87EC45-57EF-4AB1-98AB-C0803661D906}
	EndGlobalSection
EndGlobal
